
Microsoft Visual Studio Solution File, Format Version 12.00
# Visual Studio Version 16
VisualStudioVersion = 16.0.31410.357
MinimumVisualStudioVersion = 10.0.40219.1
Project("{FAE04EC0-301F-11D3-BF4B-00C04F79EFBC}") = "School.UI", "School.UI\School.UI.csproj", "{21ADF9F7-80EA-45FB-B336-9AAB9EA2F8AA}"
EndProject
Global
	GlobalSection(SolutionConfigurationPlatforms) = preSolution
		Debug|Any CPU = Debug|Any CPU
		Release|Any CPU = Release|Any CPU
	EndGlobalSection
	GlobalSection(ProjectConfigurationPlatforms) = postSolution
		{21ADF9F7-80EA-45FB-B336-9AAB9EA2F8AA}.Debug|Any CPU.ActiveCfg = Debug|Any CPU
		{21ADF9F7-80EA-45FB-B336-9AAB9EA2F8AA}.Debug|Any CPU.Build.0 = Debug|Any CPU
		{21ADF9F7-80EA-45FB-B336-9AAB9EA2F8AA}.Release|Any CPU.ActiveCfg = Release|Any CPU
		{21ADF9F7-80EA-45FB-B336-9AAB9EA2F8AA}.Release|Any CPU.Build.0 = Release|Any CPU
	EndGlobalSection
	GlobalSection(SolutionProperties) = preSolution
		HideSolutionNode = FALSE
	EndGlobalSection
	GlobalSection(ExtensibilityGlobals) = postSolution
		SolutionGuid = {3A64D759-005F-448A-A28F-69D9F5CE8278}
	EndGlobalSection
EndGlobal
